
Microsoft Visual Studio Solution File, Format Version 12.00
# Visual Studio Version 17
VisualStudioVersion = 17.2.32630.192
MinimumVisualStudioVersion = 10.0.40219.1
Project("{FAE04EC0-301F-11D3-BF4B-00C04F79EFBC}") = "Jwtapi", "Jwtapi\Jwtapi.csproj", "{C6B3709E-8134-4337-BC15-9ADBFCE40B0E}"
EndProject
Global
	GlobalSection(SolutionConfigurationPlatforms) = preSolution
		Debug|Any CPU = Debug|Any CPU
		Release|Any CPU = Release|Any CPU
	EndGlobalSection
	GlobalSection(ProjectConfigurationPlatforms) = postSolution
		{C6B3709E-8134-4337-BC15-9ADBFCE40B0E}.Debug|Any CPU.ActiveCfg = Debug|Any CPU
		{C6B3709E-8134-4337-BC15-9ADBFCE40B0E}.Debug|Any CPU.Build.0 = Debug|Any CPU
		{C6B3709E-8134-4337-BC15-9ADBFCE40B0E}.Release|Any CPU.ActiveCfg = Release|Any CPU
		{C6B3709E-8134-4337-BC15-9ADBFCE40B0E}.Release|Any CPU.Build.0 = Release|Any CPU
	EndGlobalSection
	GlobalSection(SolutionProperties) = preSolution
		HideSolutionNode = FALSE
	EndGlobalSection
	GlobalSection(ExtensibilityGlobals) = postSolution
		SolutionGuid = {2E25287E-3201-4DA2-BD6B-ABD28909D062}
	EndGlobalSection
EndGlobal
